
Microsoft Visual Studio Solution File, Format Version 12.00
# Visual Studio 15
VisualStudioVersion = 15.0.26430.14
MinimumVisualStudioVersion = 10.0.40219.1
Project("{9A19103F-16F7-4668-BE54-9A1E7A4F7556}") = "APIGatewayAuthorizerHandler", "APIGatewayAuthorizerHandler\APIGatewayAuthorizerHandler.csproj", "{7DCDDA7A-75BA-4B90-92D0-EE6232D7CF60}"
EndProject
Project("{FAE04EC0-301F-11D3-BF4B-00C04F79EFBC}") = "APIGatewayAuthorizerHandler.Tests", "APIGatewayAuthorizerHandler.Tests\APIGatewayAuthorizerHandler.Tests.csproj", "{D6521E85-858B-4831-82AB-57DC0A75BE98}"
EndProject
Global
	GlobalSection(SolutionConfigurationPlatforms) = preSolution
		Debug|Any CPU = Debug|Any CPU
		Release|Any CPU = Release|Any CPU
	EndGlobalSection
	GlobalSection(ProjectConfigurationPlatforms) = postSolution
		{7DCDDA7A-75BA-4B90-92D0-EE6232D7CF60}.Debug|Any CPU.ActiveCfg = Debug|Any CPU
		{7DCDDA7A-75BA-4B90-92D0-EE6232D7CF60}.Debug|Any CPU.Build.0 = Debug|Any CPU
		{7DCDDA7A-75BA-4B90-92D0-EE6232D7CF60}.Release|Any CPU.ActiveCfg = Release|Any CPU
		{7DCDDA7A-75BA-4B90-92D0-EE6232D7CF60}.Release|Any CPU.Build.0 = Release|Any CPU
		{D6521E85-858B-4831-82AB-57DC0A75BE98}.Debug|Any CPU.ActiveCfg = Debug|Any CPU
		{D6521E85-858B-4831-82AB-57DC0A75BE98}.Debug|Any CPU.Build.0 = Debug|Any CPU
		{D6521E85-858B-4831-82AB-57DC0A75BE98}.Release|Any CPU.ActiveCfg = Release|Any CPU
		{D6521E85-858B-4831-82AB-57DC0A75BE98}.Release|Any CPU.Build.0 = Release|Any CPU
	EndGlobalSection
	GlobalSection(SolutionProperties) = preSolution
		HideSolutionNode = FALSE
	EndGlobalSection
EndGlobal
